# This file is automatically @generated by Poetry 1.8.2 and should not be changed by hand.

[[package]]
name = "aws-lambda-powertools"
version = "2.37.0"
description = "Powertools for AWS Lambda (Python) is a developer toolkit to implement Serverless best practices and increase developer velocity."
optional = false
python-versions = "<4.0.0,>=3.8"
files = [
    {file = "aws_lambda_powertools-2.37.0-py3-none-any.whl", hash = "sha256:6845995d7b0debc5b85c6d97b4336d9c536ade723d45cdc5a081477e4daa65e2"},
    {file = "aws_lambda_powertools-2.37.0.tar.gz", hash = "sha256:a49dacba249e6db860d59314e4620648c1691727cf43e465e8f0907f699dc5e8"},
]

[package.dependencies]
typing-extensions = ">=4.11.0,<5.0.0"

[package.extras]
all = ["aws-xray-sdk (>=2.8.0,<3.0.0)", "fastjsonschema (>=2.14.5,<3.0.0)", "pydantic (>=1.8.2,<2.0.0)"]
aws-sdk = ["boto3 (>=1.26.164,<2.0.0)"]
datadog = ["datadog-lambda (>=4.77,<6.0)"]
datamasking = ["aws-encryption-sdk (>=3.1.1,<4.0.0)", "jsonpath-ng (>=1.6.0,<2.0.0)"]
parser = ["pydantic (>=1.8.2,<2.0.0)"]
redis = ["redis (>=4.4,<6.0)"]
tracer = ["aws-xray-sdk (>=2.8.0,<3.0.0)"]
validation = ["fastjsonschema (>=2.14.5,<3.0.0)"]

[[package]]
name = "typing-extensions"
version = "4.11.0"
description = "Backported and Experimental Type Hints for Python 3.8+"
optional = false
python-versions = ">=3.8"
files = [
    {file = "typing_extensions-4.11.0-py3-none-any.whl", hash = "sha256:c1f94d72897edaf4ce775bb7558d5b79d8126906a14ea5ed1635921406c0387a"},
    {file = "typing_extensions-4.11.0.tar.gz", hash = "sha256:83f085bd5ca59c80295fc2a82ab5dac679cbe02b9f33f7d83af68e241bea51b0"},
]

[metadata]
lock-version = "2.0"
python-versions = "^3.11"
content-hash = "09f34e5a0393eed887408f6286023641bcf37c7107c26aad8e2a4803440643b9"
