# This file is automatically @generated by Poetry 1.6.1 and should not be changed by hand.

[[package]]
name = "crhelper"
version = "2.0.11"
description = "crhelper simplifies authoring CloudFormation Custom Resources"
optional = false
python-versions = "*"
files = [
    {file = "crhelper-2.0.11-py3-none-any.whl", hash = "sha256:0c1f703a830722379d205d58ca4f0da768c0b10670ddce46af31ba9661bf2d5a"},
    {file = "crhelper-2.0.11.tar.gz", hash = "sha256:da9efe4fb57d86f0567fddc999ae1c242ea9602c95b165b09e00d435c3845ef0"},
]

[metadata]
lock-version = "2.0"
python-versions = "^3.9"
content-hash = "f94dc3d38cef09ed49027d12da478d9fc3582d904fe2819b3796a4d89dcd27ea"
